
Microsoft Visual Studio Solution File, Format Version 12.00
# Visual Studio Version 17
VisualStudioVersion = 17.6.33417.168
MinimumVisualStudioVersion = 10.0.40219.1
Project("{9A19103F-16F7-4668-BE54-9A1E7A4F7556}") = "WinFormsC#", "WinFormsC#\WinFormsC#.csproj", "{5A536081-6365-4354-A280-957430834F90}"
EndProject
Project("{9A19103F-16F7-4668-BE54-9A1E7A4F7556}") = "GuessTheNumber", "GuessTheNumber\GuessTheNumber.csproj", "{1F6E3504-9005-4D43-97B4-150734DA5BDF}"
EndProject
Project("{9A19103F-16F7-4668-BE54-9A1E7A4F7556}") = "CoordinatesOfTtheForm", "CoordinatesOfTtheForm\CoordinatesOfTtheForm.csproj", "{4D0C0C8E-1CC3-41FB-B529-CBD896D89565}"
EndProject
Project("{9A19103F-16F7-4668-BE54-9A1E7A4F7556}") = "Refill", "Refill\Refill.csproj", "{45D7FD77-4CB2-4543-AF82-C973026F42FD}"
EndProject
Project("{9A19103F-16F7-4668-BE54-9A1E7A4F7556}") = "Static", "Static\Static.csproj", "{8D680F31-6DA3-4D51-A470-499804A084BB}"
EndProject
Project("{FAE04EC0-301F-11D3-BF4B-00C04F79EFBC}") = "EscapingButton", "EscapingButton\EscapingButton.csproj", "{9F94FD80-AA9E-4D8B-AAEC-F202E2BCE708}"
EndProject
Project("{FAE04EC0-301F-11D3-BF4B-00C04F79EFBC}") = "DeyOfTheWeek", "DeyOfTheWeek\DeyOfTheWeek.csproj", "{DE949934-CAA5-420A-85A5-5D070ED47AD1}"
EndProject
Global
	GlobalSection(SolutionConfigurationPlatforms) = preSolution
		Debug|Any CPU = Debug|Any CPU
		Release|Any CPU = Release|Any CPU
	EndGlobalSection
	GlobalSection(ProjectConfigurationPlatforms) = postSolution
		{5A536081-6365-4354-A280-957430834F90}.Debug|Any CPU.ActiveCfg = Debug|Any CPU
		{5A536081-6365-4354-A280-957430834F90}.Debug|Any CPU.Build.0 = Debug|Any CPU
		{5A536081-6365-4354-A280-957430834F90}.Release|Any CPU.ActiveCfg = Release|Any CPU
		{5A536081-6365-4354-A280-957430834F90}.Release|Any CPU.Build.0 = Release|Any CPU
		{1F6E3504-9005-4D43-97B4-150734DA5BDF}.Debug|Any CPU.ActiveCfg = Debug|Any CPU
		{1F6E3504-9005-4D43-97B4-150734DA5BDF}.Debug|Any CPU.Build.0 = Debug|Any CPU
		{1F6E3504-9005-4D43-97B4-150734DA5BDF}.Release|Any CPU.ActiveCfg = Release|Any CPU
		{1F6E3504-9005-4D43-97B4-150734DA5BDF}.Release|Any CPU.Build.0 = Release|Any CPU
		{4D0C0C8E-1CC3-41FB-B529-CBD896D89565}.Debug|Any CPU.ActiveCfg = Debug|Any CPU
		{4D0C0C8E-1CC3-41FB-B529-CBD896D89565}.Debug|Any CPU.Build.0 = Debug|Any CPU
		{4D0C0C8E-1CC3-41FB-B529-CBD896D89565}.Release|Any CPU.ActiveCfg = Release|Any CPU
		{4D0C0C8E-1CC3-41FB-B529-CBD896D89565}.Release|Any CPU.Build.0 = Release|Any CPU
		{45D7FD77-4CB2-4543-AF82-C973026F42FD}.Debug|Any CPU.ActiveCfg = Debug|Any CPU
		{45D7FD77-4CB2-4543-AF82-C973026F42FD}.Debug|Any CPU.Build.0 = Debug|Any CPU
		{45D7FD77-4CB2-4543-AF82-C973026F42FD}.Release|Any CPU.ActiveCfg = Release|Any CPU
		{45D7FD77-4CB2-4543-AF82-C973026F42FD}.Release|Any CPU.Build.0 = Release|Any CPU
		{8D680F31-6DA3-4D51-A470-499804A084BB}.Debug|Any CPU.ActiveCfg = Debug|Any CPU
		{8D680F31-6DA3-4D51-A470-499804A084BB}.Debug|Any CPU.Build.0 = Debug|Any CPU
		{8D680F31-6DA3-4D51-A470-499804A084BB}.Release|Any CPU.ActiveCfg = Release|Any CPU
		{8D680F31-6DA3-4D51-A470-499804A084BB}.Release|Any CPU.Build.0 = Release|Any CPU
		{9F94FD80-AA9E-4D8B-AAEC-F202E2BCE708}.Debug|Any CPU.ActiveCfg = Debug|Any CPU
		{9F94FD80-AA9E-4D8B-AAEC-F202E2BCE708}.Debug|Any CPU.Build.0 = Debug|Any CPU
		{9F94FD80-AA9E-4D8B-AAEC-F202E2BCE708}.Release|Any CPU.ActiveCfg = Release|Any CPU
		{9F94FD80-AA9E-4D8B-AAEC-F202E2BCE708}.Release|Any CPU.Build.0 = Release|Any CPU
		{DE949934-CAA5-420A-85A5-5D070ED47AD1}.Debug|Any CPU.ActiveCfg = Debug|Any CPU
		{DE949934-CAA5-420A-85A5-5D070ED47AD1}.Debug|Any CPU.Build.0 = Debug|Any CPU
		{DE949934-CAA5-420A-85A5-5D070ED47AD1}.Release|Any CPU.ActiveCfg = Release|Any CPU
		{DE949934-CAA5-420A-85A5-5D070ED47AD1}.Release|Any CPU.Build.0 = Release|Any CPU
	EndGlobalSection
	GlobalSection(SolutionProperties) = preSolution
		HideSolutionNode = FALSE
	EndGlobalSection
	GlobalSection(ExtensibilityGlobals) = postSolution
		SolutionGuid = {C81AE42C-14EA-48C0-8BF7-FAA2B8C826FE}
	EndGlobalSection
EndGlobal
