
Microsoft Visual Studio Solution File, Format Version 12.00
# Visual Studio Version 17
VisualStudioVersion = 17.6.33417.168
MinimumVisualStudioVersion = 10.0.40219.1
Project("{9A19103F-16F7-4668-BE54-9A1E7A4F7556}") = "WinFormsC#", "WinFormsC#\WinFormsC#.csproj", "{5A536081-6365-4354-A280-957430834F90}"
EndProject
Project("{FAE04EC0-301F-11D3-BF4B-00C04F79EFBC}") = "GuessTheNumber", "GuessTheNumber\GuessTheNumber.csproj", "{1F6E3504-9005-4D43-97B4-150734DA5BDF}"
EndProject
Global
	GlobalSection(SolutionConfigurationPlatforms) = preSolution
		Debug|Any CPU = Debug|Any CPU
		Release|Any CPU = Release|Any CPU
	EndGlobalSection
	GlobalSection(ProjectConfigurationPlatforms) = postSolution
		{5A536081-6365-4354-A280-957430834F90}.Debug|Any CPU.ActiveCfg = Debug|Any CPU
		{5A536081-6365-4354-A280-957430834F90}.Debug|Any CPU.Build.0 = Debug|Any CPU
		{5A536081-6365-4354-A280-957430834F90}.Release|Any CPU.ActiveCfg = Release|Any CPU
		{5A536081-6365-4354-A280-957430834F90}.Release|Any CPU.Build.0 = Release|Any CPU
		{1F6E3504-9005-4D43-97B4-150734DA5BDF}.Debug|Any CPU.ActiveCfg = Debug|Any CPU
		{1F6E3504-9005-4D43-97B4-150734DA5BDF}.Debug|Any CPU.Build.0 = Debug|Any CPU
		{1F6E3504-9005-4D43-97B4-150734DA5BDF}.Release|Any CPU.ActiveCfg = Release|Any CPU
		{1F6E3504-9005-4D43-97B4-150734DA5BDF}.Release|Any CPU.Build.0 = Release|Any CPU
	EndGlobalSection
	GlobalSection(SolutionProperties) = preSolution
		HideSolutionNode = FALSE
	EndGlobalSection
	GlobalSection(ExtensibilityGlobals) = postSolution
		SolutionGuid = {C81AE42C-14EA-48C0-8BF7-FAA2B8C826FE}
	EndGlobalSection
EndGlobal
